
Microsoft Visual Studio Solution File, Format Version 12.00
# Visual Studio 2012
# SharpDevelop 4.4
VisualStudioVersion = 14.0.25420.1
MinimumVisualStudioVersion = 10.0.40219.1
Project("{FAE04EC0-301F-11D3-BF4B-00C04F79EFBC}") = "Tetris", "Tetris.csproj", "{110655CB-88AB-49A6-8375-C88CA5750F2B}"
EndProject
Project("{FAE04EC0-301F-11D3-BF4B-00C04F79EFBC}") = "Snake", "..\Snake\Snake.csproj", "{537A526E-3184-4711-A22D-916F9CB89F71}"
EndProject
Global
	GlobalSection(SolutionConfigurationPlatforms) = preSolution
		Debug|Any CPU = Debug|Any CPU
		Release|Any CPU = Release|Any CPU
	EndGlobalSection
	GlobalSection(ProjectConfigurationPlatforms) = postSolution
		{110655CB-88AB-49A6-8375-C88CA5750F2B}.Debug|Any CPU.ActiveCfg = Debug|Any CPU
		{110655CB-88AB-49A6-8375-C88CA5750F2B}.Debug|Any CPU.Build.0 = Debug|Any CPU
		{110655CB-88AB-49A6-8375-C88CA5750F2B}.Release|Any CPU.ActiveCfg = Release|Any CPU
		{110655CB-88AB-49A6-8375-C88CA5750F2B}.Release|Any CPU.Build.0 = Release|Any CPU
		{537A526E-3184-4711-A22D-916F9CB89F71}.Debug|Any CPU.Build.0 = Debug|Any CPU
		{537A526E-3184-4711-A22D-916F9CB89F71}.Debug|Any CPU.ActiveCfg = Debug|Any CPU
		{537A526E-3184-4711-A22D-916F9CB89F71}.Release|Any CPU.Build.0 = Release|Any CPU
		{537A526E-3184-4711-A22D-916F9CB89F71}.Release|Any CPU.ActiveCfg = Release|Any CPU
	EndGlobalSection
	GlobalSection(SolutionProperties) = preSolution
		HideSolutionNode = FALSE
	EndGlobalSection
EndGlobal
